
Microsoft Visual Studio Solution File, Format Version 12.00
# Visual Studio Version 17
VisualStudioVersion = 17.14.36705.20
MinimumVisualStudioVersion = 10.0.40219.1
Project("{FAE04EC0-301F-11D3-BF4B-00C04F79EFBC}") = "Domain", "Domain\Domain.csproj", "{68BB5D51-D258-4E03-B7EA-EBD4B1B81D0C}"
EndProject
Project("{FAE04EC0-301F-11D3-BF4B-00C04F79EFBC}") = "WebUI", "WebUI\WebUI.csproj", "{86A3B8EB-8B5C-458F-BC00-8BCCF17D678D}"
EndProject
Project("{FAE04EC0-301F-11D3-BF4B-00C04F79EFBC}") = "DataAccess", "DataAccess\DataAccess.csproj", "{A3DCE6D0-D1D5-49AB-86DE-77C66ACED04F}"
EndProject
Global
	GlobalSection(SolutionConfigurationPlatforms) = preSolution
		Debug|Any CPU = Debug|Any CPU
		Release|Any CPU = Release|Any CPU
	EndGlobalSection
	GlobalSection(ProjectConfigurationPlatforms) = postSolution
		{68BB5D51-D258-4E03-B7EA-EBD4B1B81D0C}.Debug|Any CPU.ActiveCfg = Debug|Any CPU
		{68BB5D51-D258-4E03-B7EA-EBD4B1B81D0C}.Debug|Any CPU.Build.0 = Debug|Any CPU
		{68BB5D51-D258-4E03-B7EA-EBD4B1B81D0C}.Release|Any CPU.ActiveCfg = Release|Any CPU
		{68BB5D51-D258-4E03-B7EA-EBD4B1B81D0C}.Release|Any CPU.Build.0 = Release|Any CPU
		{86A3B8EB-8B5C-458F-BC00-8BCCF17D678D}.Debug|Any CPU.ActiveCfg = Debug|Any CPU
		{86A3B8EB-8B5C-458F-BC00-8BCCF17D678D}.Debug|Any CPU.Build.0 = Debug|Any CPU
		{86A3B8EB-8B5C-458F-BC00-8BCCF17D678D}.Release|Any CPU.ActiveCfg = Release|Any CPU
		{86A3B8EB-8B5C-458F-BC00-8BCCF17D678D}.Release|Any CPU.Build.0 = Release|Any CPU
		{A3DCE6D0-D1D5-49AB-86DE-77C66ACED04F}.Debug|Any CPU.ActiveCfg = Debug|Any CPU
		{A3DCE6D0-D1D5-49AB-86DE-77C66ACED04F}.Debug|Any CPU.Build.0 = Debug|Any CPU
		{A3DCE6D0-D1D5-49AB-86DE-77C66ACED04F}.Release|Any CPU.ActiveCfg = Release|Any CPU
		{A3DCE6D0-D1D5-49AB-86DE-77C66ACED04F}.Release|Any CPU.Build.0 = Release|Any CPU
	EndGlobalSection
	GlobalSection(SolutionProperties) = preSolution
		HideSolutionNode = FALSE
	EndGlobalSection
	GlobalSection(ExtensibilityGlobals) = postSolution
		SolutionGuid = {D59BA11A-FD9A-4CE5-9361-3E341B5FEBFC}
	EndGlobalSection
EndGlobal
